
Microsoft Visual Studio Solution File, Format Version 12.00
# Visual Studio 15
VisualStudioVersion = 15.0.28010.2003
MinimumVisualStudioVersion = 10.0.40219.1
Project("{8BC9CEB8-8B4A-11D0-8D11-00A0C91BC942}") = "HelloTriangle", "HelloTriangle\HelloTriangle.vcxproj", "{814A9FFE-4448-4B91-82F2-653EB581064E}"
EndProject
Project("{8BC9CEB8-8B4A-11D0-8D11-00A0C91BC942}") = "Tutorial", "Tutorial\Tutorial.vcxproj", "{F0A7D205-A874-40AF-AE5B-B4E6AD4C081E}"
EndProject
Global
	GlobalSection(SolutionConfigurationPlatforms) = preSolution
		Debug|x64 = Debug|x64
		Debug|x86 = Debug|x86
		Release|x64 = Release|x64
		Release|x86 = Release|x86
	EndGlobalSection
	GlobalSection(ProjectConfigurationPlatforms) = postSolution
		{814A9FFE-4448-4B91-82F2-653EB581064E}.Debug|x64.ActiveCfg = Debug|x64
		{814A9FFE-4448-4B91-82F2-653EB581064E}.Debug|x64.Build.0 = Debug|x64
		{814A9FFE-4448-4B91-82F2-653EB581064E}.Debug|x86.ActiveCfg = Debug|Win32
		{814A9FFE-4448-4B91-82F2-653EB581064E}.Debug|x86.Build.0 = Debug|Win32
		{814A9FFE-4448-4B91-82F2-653EB581064E}.Release|x64.ActiveCfg = Release|x64
		{814A9FFE-4448-4B91-82F2-653EB581064E}.Release|x64.Build.0 = Release|x64
		{814A9FFE-4448-4B91-82F2-653EB581064E}.Release|x86.ActiveCfg = Release|Win32
		{814A9FFE-4448-4B91-82F2-653EB581064E}.Release|x86.Build.0 = Release|Win32
		{F0A7D205-A874-40AF-AE5B-B4E6AD4C081E}.Debug|x64.ActiveCfg = Debug|x64
		{F0A7D205-A874-40AF-AE5B-B4E6AD4C081E}.Debug|x64.Build.0 = Debug|x64
		{F0A7D205-A874-40AF-AE5B-B4E6AD4C081E}.Debug|x86.ActiveCfg = Debug|Win32
		{F0A7D205-A874-40AF-AE5B-B4E6AD4C081E}.Debug|x86.Build.0 = Debug|Win32
		{F0A7D205-A874-40AF-AE5B-B4E6AD4C081E}.Release|x64.ActiveCfg = Release|x64
		{F0A7D205-A874-40AF-AE5B-B4E6AD4C081E}.Release|x64.Build.0 = Release|x64
		{F0A7D205-A874-40AF-AE5B-B4E6AD4C081E}.Release|x86.ActiveCfg = Release|Win32
		{F0A7D205-A874-40AF-AE5B-B4E6AD4C081E}.Release|x86.Build.0 = Release|Win32
	EndGlobalSection
	GlobalSection(SolutionProperties) = preSolution
		HideSolutionNode = FALSE
	EndGlobalSection
	GlobalSection(ExtensibilityGlobals) = postSolution
		SolutionGuid = {1AF4E628-23DC-40D6-9037-888EB811DE11}
	EndGlobalSection
EndGlobal
